
Microsoft Visual Studio Solution File, Format Version 12.00
# Visual Studio 2013
VisualStudioVersion = 12.0.31101.0
MinimumVisualStudioVersion = 10.0.40219.1
Project("{FAE04EC0-301F-11D3-BF4B-00C04F79EFBC}") = "PicDown", "PicDown.csproj", "{6F1B0804-DC89-4125-A6FF-67B3EE3F889E}"
EndProject
Project("{FAE04EC0-301F-11D3-BF4B-00C04F79EFBC}") = "ILLCEncoder", "ILLCEncoder\ILLCEncoder.csproj", "{55406346-CCDE-4F36-B515-BD49710EDCFE}"
EndProject
Project("{FAE04EC0-301F-11D3-BF4B-00C04F79EFBC}") = "FlickrUploader", "..\FlickrUploader\FlickrUploader.csproj", "{795E9B4C-3E7E-4E4A-AE08-58C394581D9D}"
EndProject
Global
	GlobalSection(SolutionConfigurationPlatforms) = preSolution
		Debug|Any CPU = Debug|Any CPU
		Release|Any CPU = Release|Any CPU
	EndGlobalSection
	GlobalSection(ProjectConfigurationPlatforms) = postSolution
		{6F1B0804-DC89-4125-A6FF-67B3EE3F889E}.Debug|Any CPU.ActiveCfg = Debug|Any CPU
		{6F1B0804-DC89-4125-A6FF-67B3EE3F889E}.Debug|Any CPU.Build.0 = Debug|Any CPU
		{6F1B0804-DC89-4125-A6FF-67B3EE3F889E}.Release|Any CPU.ActiveCfg = Release|Any CPU
		{6F1B0804-DC89-4125-A6FF-67B3EE3F889E}.Release|Any CPU.Build.0 = Release|Any CPU
		{55406346-CCDE-4F36-B515-BD49710EDCFE}.Debug|Any CPU.ActiveCfg = Debug|Any CPU
		{55406346-CCDE-4F36-B515-BD49710EDCFE}.Debug|Any CPU.Build.0 = Debug|Any CPU
		{55406346-CCDE-4F36-B515-BD49710EDCFE}.Release|Any CPU.ActiveCfg = Release|Any CPU
		{55406346-CCDE-4F36-B515-BD49710EDCFE}.Release|Any CPU.Build.0 = Release|Any CPU
		{795E9B4C-3E7E-4E4A-AE08-58C394581D9D}.Debug|Any CPU.ActiveCfg = Debug|Any CPU
		{795E9B4C-3E7E-4E4A-AE08-58C394581D9D}.Debug|Any CPU.Build.0 = Debug|Any CPU
		{795E9B4C-3E7E-4E4A-AE08-58C394581D9D}.Release|Any CPU.ActiveCfg = Release|Any CPU
		{795E9B4C-3E7E-4E4A-AE08-58C394581D9D}.Release|Any CPU.Build.0 = Release|Any CPU
	EndGlobalSection
	GlobalSection(SolutionProperties) = preSolution
		HideSolutionNode = FALSE
	EndGlobalSection
EndGlobal
